
Microsoft Visual Studio Solution File, Format Version 12.00
# Visual Studio Version 16
VisualStudioVersion = 16.0.34031.81
MinimumVisualStudioVersion = 10.0.40219.1
Project("{FAE04EC0-301F-11D3-BF4B-00C04F79EFBC}") = "VoQuocDat_2321160050_De02", "VoQuocDat_2321160050_De02\VoQuocDat_2321160050_De02.csproj", "{C7F4D818-6973-46E6-8771-AD099D9C7617}"
EndProject
Global
	GlobalSection(SolutionConfigurationPlatforms) = preSolution
		Debug|Any CPU = Debug|Any CPU
		Release|Any CPU = Release|Any CPU
	EndGlobalSection
	GlobalSection(ProjectConfigurationPlatforms) = postSolution
		{C7F4D818-6973-46E6-8771-AD099D9C7617}.Debug|Any CPU.ActiveCfg = Debug|Any CPU
		{C7F4D818-6973-46E6-8771-AD099D9C7617}.Debug|Any CPU.Build.0 = Debug|Any CPU
		{C7F4D818-6973-46E6-8771-AD099D9C7617}.Release|Any CPU.ActiveCfg = Release|Any CPU
		{C7F4D818-6973-46E6-8771-AD099D9C7617}.Release|Any CPU.Build.0 = Release|Any CPU
	EndGlobalSection
	GlobalSection(SolutionProperties) = preSolution
		HideSolutionNode = FALSE
	EndGlobalSection
	GlobalSection(ExtensibilityGlobals) = postSolution
		SolutionGuid = {2ED4E160-6F58-434E-A819-83B73E822CFA}
	EndGlobalSection
EndGlobal
